
Microsoft Visual Studio Solution File, Format Version 12.00
# Visual Studio Version 17
VisualStudioVersion = 17.11.35327.3
MinimumVisualStudioVersion = 10.0.40219.1
Project("{FAE04EC0-301F-11D3-BF4B-00C04F79EFBC}") = "TestGit", "TestGit\TestGit.csproj", "{BF7EA22C-6879-49F6-9DC7-11E5B5E051DC}"
EndProject
Global
	GlobalSection(SolutionConfigurationPlatforms) = preSolution
		Debug|Any CPU = Debug|Any CPU
		Release|Any CPU = Release|Any CPU
	EndGlobalSection
	GlobalSection(ProjectConfigurationPlatforms) = postSolution
		{BF7EA22C-6879-49F6-9DC7-11E5B5E051DC}.Debug|Any CPU.ActiveCfg = Debug|Any CPU
		{BF7EA22C-6879-49F6-9DC7-11E5B5E051DC}.Debug|Any CPU.Build.0 = Debug|Any CPU
		{BF7EA22C-6879-49F6-9DC7-11E5B5E051DC}.Release|Any CPU.ActiveCfg = Release|Any CPU
		{BF7EA22C-6879-49F6-9DC7-11E5B5E051DC}.Release|Any CPU.Build.0 = Release|Any CPU
	EndGlobalSection
	GlobalSection(SolutionProperties) = preSolution
		HideSolutionNode = FALSE
	EndGlobalSection
	GlobalSection(ExtensibilityGlobals) = postSolution
		SolutionGuid = {3481EC82-FE24-44F0-B6F0-0493D9853E56}
	EndGlobalSection
EndGlobal
